
Microsoft Visual Studio Solution File, Format Version 12.00
# Visual Studio 15
VisualStudioVersion = 15.0.27703.2047
MinimumVisualStudioVersion = 10.0.40219.1
Project("{FAE04EC0-301F-11D3-BF4B-00C04F79EFBC}") = "Firebird3Demo.DAO", "Firebird3Demo.DAO\Firebird3Demo.DAO.csproj", "{0CDEF1DA-FFA7-4F78-9948-3C95085883D1}"
EndProject
Project("{FAE04EC0-301F-11D3-BF4B-00C04F79EFBC}") = "Firebird3Demo.DTO", "Firebird3Demo.DTO\Firebird3Demo.DTO.csproj", "{969A4335-6FA3-454A-8F60-86E72E42D59B}"
EndProject
Project("{FAE04EC0-301F-11D3-BF4B-00C04F79EFBC}") = "Firebird3.Demo.View.WPF", "Firebird3.Demo.View.WPF\Firebird3.Demo.View.WPF.csproj", "{07C63D27-ECB0-4488-9F58-BB87B6DB5B55}"
EndProject
Project("{FAE04EC0-301F-11D3-BF4B-00C04F79EFBC}") = "Firebird3Demo.BLL", "Firebird3Demo.BLL\Firebird3Demo.BLL.csproj", "{8DBB38B0-932E-4A78-826A-D7DD73E88AB5}"
EndProject
Global
	GlobalSection(SolutionConfigurationPlatforms) = preSolution
		Debug|Any CPU = Debug|Any CPU
		Release|Any CPU = Release|Any CPU
	EndGlobalSection
	GlobalSection(ProjectConfigurationPlatforms) = postSolution
		{0CDEF1DA-FFA7-4F78-9948-3C95085883D1}.Debug|Any CPU.ActiveCfg = Debug|Any CPU
		{0CDEF1DA-FFA7-4F78-9948-3C95085883D1}.Debug|Any CPU.Build.0 = Debug|Any CPU
		{0CDEF1DA-FFA7-4F78-9948-3C95085883D1}.Release|Any CPU.ActiveCfg = Release|Any CPU
		{0CDEF1DA-FFA7-4F78-9948-3C95085883D1}.Release|Any CPU.Build.0 = Release|Any CPU
		{969A4335-6FA3-454A-8F60-86E72E42D59B}.Debug|Any CPU.ActiveCfg = Debug|Any CPU
		{969A4335-6FA3-454A-8F60-86E72E42D59B}.Debug|Any CPU.Build.0 = Debug|Any CPU
		{969A4335-6FA3-454A-8F60-86E72E42D59B}.Release|Any CPU.ActiveCfg = Release|Any CPU
		{969A4335-6FA3-454A-8F60-86E72E42D59B}.Release|Any CPU.Build.0 = Release|Any CPU
		{07C63D27-ECB0-4488-9F58-BB87B6DB5B55}.Debug|Any CPU.ActiveCfg = Debug|Any CPU
		{07C63D27-ECB0-4488-9F58-BB87B6DB5B55}.Debug|Any CPU.Build.0 = Debug|Any CPU
		{07C63D27-ECB0-4488-9F58-BB87B6DB5B55}.Release|Any CPU.ActiveCfg = Release|Any CPU
		{07C63D27-ECB0-4488-9F58-BB87B6DB5B55}.Release|Any CPU.Build.0 = Release|Any CPU
		{8DBB38B0-932E-4A78-826A-D7DD73E88AB5}.Debug|Any CPU.ActiveCfg = Debug|Any CPU
		{8DBB38B0-932E-4A78-826A-D7DD73E88AB5}.Debug|Any CPU.Build.0 = Debug|Any CPU
		{8DBB38B0-932E-4A78-826A-D7DD73E88AB5}.Release|Any CPU.ActiveCfg = Release|Any CPU
		{8DBB38B0-932E-4A78-826A-D7DD73E88AB5}.Release|Any CPU.Build.0 = Release|Any CPU
	EndGlobalSection
	GlobalSection(SolutionProperties) = preSolution
		HideSolutionNode = FALSE
	EndGlobalSection
	GlobalSection(ExtensibilityGlobals) = postSolution
		SolutionGuid = {5CA416B6-6051-4D4B-B63D-D979BC9BA332}
	EndGlobalSection
EndGlobal
